// !$*UTF8*$!
{
	archiveVersion = 1;
	classes = {
	};
	objectVersion = 48;
	objects = {

/* Begin PBXBuildFile section */
		21B72700C42D9D29252C96E5 /* Pods_GYaG.framework in Frameworks */ = {isa = PBXBuildFile; fileRef = 945142A03FEA82FEDA0C9A9C /* Pods_GYaG.framework */; };
		83029EB9E6B50003A15759BA /* Pods_GYaGUITests.framework in Frameworks */ = {isa = PBXBuildFile; fileRef = A25EDBC1679F76AF8897618B /* Pods_GYaGUITests.framework */; };
		8A04645E202F95000000F975 /* FacebookCore.framework in Frameworks */ = {isa = PBXBuildFile; fileRef = 8A04645F202F95000000F975 /* FacebookCore.framework */; };
		8A046460202F95050000F975 /* Bolts.framework in Frameworks */ = {isa = PBXBuildFile; fileRef = 8A046461202F95050000F975 /* Bolts.framework */; };
		8A046462202F95110000F975 /* FacebookLogin.framework in Frameworks */ = {isa = PBXBuildFile; fileRef = 8A046463202F95110000F975 /* FacebookLogin.framework */; };
		8A4251902005B490003A69AB /* AppDelegate.swift in Sources */ = {isa = PBXBuildFile; fileRef = 8A42518F2005B490003A69AB /* AppDelegate.swift */; };
		8A4251922005B490003A69AB /* ViewController.swift in Sources */ = {isa = PBXBuildFile; fileRef = 8A4251912005B490003A69AB /* ViewController.swift */; };
		8A4251952005B490003A69AB /* Main.storyboard in Resources */ = {isa = PBXBuildFile; fileRef = 8A4251932005B490003A69AB /* Main.storyboard */; };
		8A4251972005B490003A69AB /* Assets.xcassets in Resources */ = {isa = PBXBuildFile; fileRef = 8A4251962005B490003A69AB /* Assets.xcassets */; };
		8A42519A2005B490003A69AB /* LaunchScreen.storyboard in Resources */ = {isa = PBXBuildFile; fileRef = 8A4251982005B490003A69AB /* LaunchScreen.storyboard */; };
		8A4251A52005B490003A69AB /* GYaGTests.swift in Sources */ = {isa = PBXBuildFile; fileRef = 8A4251A42005B490003A69AB /* GYaGTests.swift */; };
		8A4251B02005B490003A69AB /* GYaGUITests.swift in Sources */ = {isa = PBXBuildFile; fileRef = 8A4251AF2005B490003A69AB /* GYaGUITests.swift */; };
		8AEAC7A02030F282003F05B2 /* FBLogInViewController.swift in Sources */ = {isa = PBXBuildFile; fileRef = 8AEAC79F2030F282003F05B2 /* FBLogInViewController.swift */; };
		8AF99FB2200936BA002CE3B0 /* RegisterViewController.swift in Sources */ = {isa = PBXBuildFile; fileRef = 8AF99FB1200936BA002CE3B0 /* RegisterViewController.swift */; };
		8AF99FB4200A9EFF002CE3B0 /* HomepageViewController.swift in Sources */ = {isa = PBXBuildFile; fileRef = 8AF99FB3200A9EFF002CE3B0 /* HomepageViewController.swift */; };
		EDB0CE1C73369250BDCDB616 /* Pods_GYaGTests.framework in Frameworks */ = {isa = PBXBuildFile; fileRef = DC87E3182B72E852CF53AFC8 /* Pods_GYaGTests.framework */; };
/* End PBXBuildFile section */

/* Begin PBXContainerItemProxy section */
		8A4251A12005B490003A69AB /* PBXContainerItemProxy */ = {
			isa = PBXContainerItemProxy;
			containerPortal = 8A4251842005B490003A69AB /* Project object */;
			proxyType = 1;
			remoteGlobalIDString = 8A42518B2005B490003A69AB;
			remoteInfo = GYaG;
		};
		8A4251AC2005B490003A69AB /* PBXContainerItemProxy */ = {
			isa = PBXContainerItemProxy;
			containerPortal = 8A4251842005B490003A69AB /* Project object */;
			proxyType = 1;
			remoteGlobalIDString = 8A42518B2005B490003A69AB;
			remoteInfo = GYaG;
		};
/* End PBXContainerItemProxy section */

/* Begin PBXFileReference section */
		5DA3A0C8836ACA31C7451DE2 /* Pods-GYaGTests.debug.xcconfig */ = {isa = PBXFileReference; includeInIndex = 1; lastKnownFileType = text.xcconfig; name = "Pods-GYaGTests.debug.xcconfig"; path = "Pods/Target Support Files/Pods-GYaGTests/Pods-GYaGTests.debug.xcconfig"; sourceTree = "<group>"; };
		6781C07FE0987EE6693BD063 /* Pods-GYaGUITests.debug.xcconfig */ = {isa = PBXFileReference; includeInIndex = 1; lastKnownFileType = text.xcconfig; name = "Pods-GYaGUITests.debug.xcconfig"; path = "Pods/Target Support Files/Pods-GYaGUITests/Pods-GYaGUITests.debug.xcconfig"; sourceTree = "<group>"; };
		6854A33C5B087B134CE9F0B1 /* Pods-GYaGTests.release.xcconfig */ = {isa = PBXFileReference; includeInIndex = 1; lastKnownFileType = text.xcconfig; name = "Pods-GYaGTests.release.xcconfig"; path = "Pods/Target Support Files/Pods-GYaGTests/Pods-GYaGTests.release.xcconfig"; sourceTree = "<group>"; };
		8A04645F202F95000000F975 /* FacebookCore.framework */ = {isa = PBXFileReference; explicitFileType = wrapper.framework; path = FacebookCore.framework; sourceTree = BUILT_PRODUCTS_DIR; };
		8A046461202F95050000F975 /* Bolts.framework */ = {isa = PBXFileReference; explicitFileType = wrapper.framework; path = Bolts.framework; sourceTree = BUILT_PRODUCTS_DIR; };
		8A046463202F95110000F975 /* FacebookLogin.framework */ = {isa = PBXFileReference; explicitFileType = wrapper.framework; path = FacebookLogin.framework; sourceTree = BUILT_PRODUCTS_DIR; };
		8A046465202F951A0000F975 /* FacebookShare.framework */ = {isa = PBXFileReference; explicitFileType = wrapper.framework; path = FacebookShare.framework; sourceTree = BUILT_PRODUCTS_DIR; };
		8A42518C2005B490003A69AB /* GYaG.app */ = {isa = PBXFileReference; explicitFileType = wrapper.application; includeInIndex = 0; path = GYaG.app; sourceTree = BUILT_PRODUCTS_DIR; };
		8A42518F2005B490003A69AB /* AppDelegate.swift */ = {isa = PBXFileReference; lastKnownFileType = sourcecode.swift; path = AppDelegate.swift; sourceTree = "<group>"; };
		8A4251912005B490003A69AB /* ViewController.swift */ = {isa = PBXFileReference; lastKnownFileType = sourcecode.swift; path = ViewController.swift; sourceTree = "<group>"; };
		8A4251942005B490003A69AB /* Base */ = {isa = PBXFileReference; lastKnownFileType = file.storyboard; name = Base; path = Base.lproj/Main.storyboard; sourceTree = "<group>"; };
		8A4251962005B490003A69AB /* Assets.xcassets */ = {isa = PBXFileReference; lastKnownFileType = folder.assetcatalog; path = Assets.xcassets; sourceTree = "<group>"; };
		8A4251992005B490003A69AB /* Base */ = {isa = PBXFileReference; lastKnownFileType = file.storyboard; name = Base; path = Base.lproj/LaunchScreen.storyboard; sourceTree = "<group>"; };
		8A42519B2005B490003A69AB /* Info.plist */ = {isa = PBXFileReference; lastKnownFileType = text.plist.xml; path = Info.plist; sourceTree = "<group>"; };
		8A4251A02005B490003A69AB /* GYaGTests.xctest */ = {isa = PBXFileReference; explicitFileType = wrapper.cfbundle; includeInIndex = 0; path = GYaGTests.xctest; sourceTree = BUILT_PRODUCTS_DIR; };
		8A4251A42005B490003A69AB /* GYaGTests.swift */ = {isa = PBXFileReference; lastKnownFileType = sourcecode.swift; path = GYaGTests.swift; sourceTree = "<group>"; };
		8A4251A62005B490003A69AB /* Info.plist */ = {isa = PBXFileReference; lastKnownFileType = text.plist.xml; path = Info.plist; sourceTree = "<group>"; };
		8A4251AB2005B490003A69AB /* GYaGUITests.xctest */ = {isa = PBXFileReference; explicitFileType = wrapper.cfbundle; includeInIndex = 0; path = GYaGUITests.xctest; sourceTree = BUILT_PRODUCTS_DIR; };
		8A4251AF2005B490003A69AB /* GYaGUITests.swift */ = {isa = PBXFileReference; lastKnownFileType = sourcecode.swift; path = GYaGUITests.swift; sourceTree = "<group>"; };
		8A4251B12005B490003A69AB /* Info.plist */ = {isa = PBXFileReference; lastKnownFileType = text.plist.xml; path = Info.plist; sourceTree = "<group>"; };
		8AEAC79F2030F282003F05B2 /* FBLogInViewController.swift */ = {isa = PBXFileReference; lastKnownFileType = sourcecode.swift; path = FBLogInViewController.swift; sourceTree = "<group>"; };
		8AF99FB1200936BA002CE3B0 /* RegisterViewController.swift */ = {isa = PBXFileReference; lastKnownFileType = sourcecode.swift; path = RegisterViewController.swift; sourceTree = "<group>"; };
		8AF99FB3200A9EFF002CE3B0 /* HomepageViewController.swift */ = {isa = PBXFileReference; lastKnownFileType = sourcecode.swift; path = HomepageViewController.swift; sourceTree = "<group>"; };
		8CB87525AA9D28DDD8C17A6B /* Pods-GYaGUITests.release.xcconfig */ = {isa = PBXFileReference; includeInIndex = 1; lastKnownFileType = text.xcconfig; name = "Pods-GYaGUITests.release.xcconfig"; path = "Pods/Target Support Files/Pods-GYaGUITests/Pods-GYaGUITests.release.xcconfig"; sourceTree = "<group>"; };
		8F16CD73F6A57F575102593A /* Pods-GYaG.release.xcconfig */ = {isa = PBXFileReference; includeInIndex = 1; lastKnownFileType = text.xcconfig; name = "Pods-GYaG.release.xcconfig"; path = "Pods/Target Support Files/Pods-GYaG/Pods-GYaG.release.xcconfig"; sourceTree = "<group>"; };
		945142A03FEA82FEDA0C9A9C /* Pods_GYaG.framework */ = {isa = PBXFileReference; explicitFileType = wrapper.framework; includeInIndex = 0; path = Pods_GYaG.framework; sourceTree = BUILT_PRODUCTS_DIR; };
		A25EDBC1679F76AF8897618B /* Pods_GYaGUITests.framework */ = {isa = PBXFileReference; explicitFileType = wrapper.framework; includeInIndex = 0; path = Pods_GYaGUITests.framework; sourceTree = BUILT_PRODUCTS_DIR; };
		AFA5FB349E25A222255E37D8 /* Pods-GYaG.debug.xcconfig */ = {isa = PBXFileReference; includeInIndex = 1; lastKnownFileType = text.xcconfig; name = "Pods-GYaG.debug.xcconfig"; path = "Pods/Target Support Files/Pods-GYaG/Pods-GYaG.debug.xcconfig"; sourceTree = "<group>"; };
		DC87E3182B72E852CF53AFC8 /* Pods_GYaGTests.framework */ = {isa = PBXFileReference; explicitFileType = wrapper.framework; includeInIndex = 0; path = Pods_GYaGTests.framework; sourceTree = BUILT_PRODUCTS_DIR; };
/* End PBXFileReference section */

/* Begin PBXFrameworksBuildPhase section */
		8A4251892005B490003A69AB /* Frameworks */ = {
			isa = PBXFrameworksBuildPhase;
			buildActionMask = 2147483647;
			files = (
				8A046462202F95110000F975 /* FacebookLogin.framework in Frameworks */,
				8A046460202F95050000F975 /* Bolts.framework in Frameworks */,
				8A04645E202F95000000F975 /* FacebookCore.framework in Frameworks */,
				21B72700C42D9D29252C96E5 /* Pods_GYaG.framework in Frameworks */,
			);
			runOnlyForDeploymentPostprocessing = 0;
		};
		8A42519D2005B490003A69AB /* Frameworks */ = {
			isa = PBXFrameworksBuildPhase;
			buildActionMask = 2147483647;
			files = (
				EDB0CE1C73369250BDCDB616 /* Pods_GYaGTests.framework in Frameworks */,
			);
			runOnlyForDeploymentPostprocessing = 0;
		};
		8A4251A82005B490003A69AB /* Frameworks */ = {
			isa = PBXFrameworksBuildPhase;
			buildActionMask = 2147483647;
			files = (
				83029EB9E6B50003A15759BA /* Pods_GYaGUITests.framework in Frameworks */,
			);
			runOnlyForDeploymentPostprocessing = 0;
		};
/* End PBXFrameworksBuildPhase section */

/* Begin PBXGroup section */
		3808228E771FF4B45498EB5D /* Pods */ = {
			isa = PBXGroup;
			children = (
				AFA5FB349E25A222255E37D8 /* Pods-GYaG.debug.xcconfig */,
				8F16CD73F6A57F575102593A /* Pods-GYaG.release.xcconfig */,
				5DA3A0C8836ACA31C7451DE2 /* Pods-GYaGTests.debug.xcconfig */,
				6854A33C5B087B134CE9F0B1 /* Pods-GYaGTests.release.xcconfig */,
				6781C07FE0987EE6693BD063 /* Pods-GYaGUITests.debug.xcconfig */,
				8CB87525AA9D28DDD8C17A6B /* Pods-GYaGUITests.release.xcconfig */,
			);
			name = Pods;
			sourceTree = "<group>";
		};
		8A4251832005B490003A69AB = {
			isa = PBXGroup;
			children = (
				8A42518E2005B490003A69AB /* GYaG */,
				8A4251A32005B490003A69AB /* GYaGTests */,
				8A4251AE2005B490003A69AB /* GYaGUITests */,
				8A42518D2005B490003A69AB /* Products */,
				3808228E771FF4B45498EB5D /* Pods */,
				EEA636B8C083035ACCD0490C /* Frameworks */,
			);
			sourceTree = "<group>";
		};
		8A42518D2005B490003A69AB /* Products */ = {
			isa = PBXGroup;
			children = (
				8A42518C2005B490003A69AB /* GYaG.app */,
				8A4251A02005B490003A69AB /* GYaGTests.xctest */,
				8A4251AB2005B490003A69AB /* GYaGUITests.xctest */,
			);
			name = Products;
			sourceTree = "<group>";
		};
		8A42518E2005B490003A69AB /* GYaG */ = {
			isa = PBXGroup;
			children = (
				8A42518F2005B490003A69AB /* AppDelegate.swift */,
				8A4251912005B490003A69AB /* ViewController.swift */,
				8A4251932005B490003A69AB /* Main.storyboard */,
				8AEAC79F2030F282003F05B2 /* FBLogInViewController.swift */,
				8AF99FB3200A9EFF002CE3B0 /* HomepageViewController.swift */,
				8AF99FB1200936BA002CE3B0 /* RegisterViewController.swift */,
				8A4251962005B490003A69AB /* Assets.xcassets */,
				8A4251982005B490003A69AB /* LaunchScreen.storyboard */,
				8A42519B2005B490003A69AB /* Info.plist */,
			);
			path = GYaG;
			sourceTree = "<group>";
		};
		8A4251A32005B490003A69AB /* GYaGTests */ = {
			isa = PBXGroup;
			children = (
				8A4251A42005B490003A69AB /* GYaGTests.swift */,
				8A4251A62005B490003A69AB /* Info.plist */,
			);
			path = GYaGTests;
			sourceTree = "<group>";
		};
		8A4251AE2005B490003A69AB /* GYaGUITests */ = {
			isa = PBXGroup;
			children = (
				8A4251AF2005B490003A69AB /* GYaGUITests.swift */,
				8A4251B12005B490003A69AB /* Info.plist */,
			);
			path = GYaGUITests;
			sourceTree = "<group>";
		};
		EEA636B8C083035ACCD0490C /* Frameworks */ = {
			isa = PBXGroup;
			children = (
				8A046465202F951A0000F975 /* FacebookShare.framework */,
				8A046463202F95110000F975 /* FacebookLogin.framework */,
				8A046461202F95050000F975 /* Bolts.framework */,
				8A04645F202F95000000F975 /* FacebookCore.framework */,
				945142A03FEA82FEDA0C9A9C /* Pods_GYaG.framework */,
				DC87E3182B72E852CF53AFC8 /* Pods_GYaGTests.framework */,
				A25EDBC1679F76AF8897618B /* Pods_GYaGUITests.framework */,
			);
			name = Frameworks;
			sourceTree = "<group>";
		};
/* End PBXGroup section */

/* Begin PBXNativeTarget section */
		8A42518B2005B490003A69AB /* GYaG */ = {
			isa = PBXNativeTarget;
			buildConfigurationList = 8A4251B42005B490003A69AB /* Build configuration list for PBXNativeTarget "GYaG" */;
			buildPhases = (
				8AC4511DC6BFACBD005183FF /* [CP] Check Pods Manifest.lock */,
				8A4251882005B490003A69AB /* Sources */,
				8A4251892005B490003A69AB /* Frameworks */,
				8A42518A2005B490003A69AB /* Resources */,
				7D09AB81826AF7C4C3EBBC7F /* [CP] Embed Pods Frameworks */,
				10C30397016F850900A6C51D /* [CP] Copy Pods Resources */,
			);
			buildRules = (
			);
			dependencies = (
			);
			name = GYaG;
			productName = GYaG;
			productReference = 8A42518C2005B490003A69AB /* GYaG.app */;
			productType = "com.apple.product-type.application";
		};
		8A42519F2005B490003A69AB /* GYaGTests */ = {
			isa = PBXNativeTarget;
			buildConfigurationList = 8A4251B72005B490003A69AB /* Build configuration list for PBXNativeTarget "GYaGTests" */;
			buildPhases = (
				3C3D5A5A559A9048AA73A485 /* [CP] Check Pods Manifest.lock */,
				8A42519C2005B490003A69AB /* Sources */,
				8A42519D2005B490003A69AB /* Frameworks */,
				8A42519E2005B490003A69AB /* Resources */,
				7D43F610A219B613E804C292 /* [CP] Embed Pods Frameworks */,
				3F2E3C554429CEF1A0F6999A /* [CP] Copy Pods Resources */,
			);
			buildRules = (
			);
			dependencies = (
				8A4251A22005B490003A69AB /* PBXTargetDependency */,
			);
			name = GYaGTests;
			productName = GYaGTests;
			productReference = 8A4251A02005B490003A69AB /* GYaGTests.xctest */;
			productType = "com.apple.product-type.bundle.unit-test";
		};
		8A4251AA2005B490003A69AB /* GYaGUITests */ = {
			isa = PBXNativeTarget;
			buildConfigurationList = 8A4251BA2005B490003A69AB /* Build configuration list for PBXNativeTarget "GYaGUITests" */;
			buildPhases = (
				2D3F1A69191832FB0AE05A99 /* [CP] Check Pods Manifest.lock */,
				8A4251A72005B490003A69AB /* Sources */,
				8A4251A82005B490003A69AB /* Frameworks */,
				8A4251A92005B490003A69AB /* Resources */,
				0501588AAE5A14B2DD9EE92C /* [CP] Embed Pods Frameworks */,
				65EEBF1D7F501AA08EA12B78 /* [CP] Copy Pods Resources */,
			);
			buildRules = (
			);
			dependencies = (
				8A4251AD2005B490003A69AB /* PBXTargetDependency */,
			);
			name = GYaGUITests;
			productName = GYaGUITests;
			productReference = 8A4251AB2005B490003A69AB /* GYaGUITests.xctest */;
			productType = "com.apple.product-type.bundle.ui-testing";
		};
/* End PBXNativeTarget section */

/* Begin PBXProject section */
		8A4251842005B490003A69AB /* Project object */ = {
			isa = PBXProject;
			attributes = {
				LastSwiftUpdateCheck = 0920;
				LastUpgradeCheck = 0920;
				ORGANIZATIONNAME = "Roberto Konanz";
				TargetAttributes = {
					8A42518B2005B490003A69AB = {
						CreatedOnToolsVersion = 9.2;
						ProvisioningStyle = Automatic;
					};
					8A42519F2005B490003A69AB = {
						CreatedOnToolsVersion = 9.2;
						ProvisioningStyle = Automatic;
						TestTargetID = 8A42518B2005B490003A69AB;
					};
					8A4251AA2005B490003A69AB = {
						CreatedOnToolsVersion = 9.2;
						ProvisioningStyle = Automatic;
						TestTargetID = 8A42518B2005B490003A69AB;
					};
				};
			};
			buildConfigurationList = 8A4251872005B490003A69AB /* Build configuration list for PBXProject "GYaG" */;
			compatibilityVersion = "Xcode 8.0";
			developmentRegion = en;
			hasScannedForEncodings = 0;
			knownRegions = (
				en,
				Base,
			);
			mainGroup = 8A4251832005B490003A69AB;
			productRefGroup = 8A42518D2005B490003A69AB /* Products */;
			projectDirPath = "";
			projectRoot = "";
			targets = (
				8A42518B2005B490003A69AB /* GYaG */,
				8A42519F2005B490003A69AB /* GYaGTests */,
				8A4251AA2005B490003A69AB /* GYaGUITests */,
			);
		};
/* End PBXProject section */

/* Begin PBXResourcesBuildPhase section */
		8A42518A2005B490003A69AB /* Resources */ = {
			isa = PBXResourcesBuildPhase;
			buildActionMask = 2147483647;
			files = (
				8A42519A2005B490003A69AB /* LaunchScreen.storyboard in Resources */,
				8A4251972005B490003A69AB /* Assets.xcassets in Resources */,
				8A4251952005B490003A69AB /* Main.storyboard in Resources */,
			);
			runOnlyForDeploymentPostprocessing = 0;
		};
		8A42519E2005B490003A69AB /* Resources */ = {
			isa = PBXResourcesBuildPhase;
			buildActionMask = 2147483647;
			files = (
			);
			runOnlyForDeploymentPostprocessing = 0;
		};
		8A4251A92005B490003A69AB /* Resources */ = {
			isa = PBXResourcesBuildPhase;
			buildActionMask = 2147483647;
			files = (
			);
			runOnlyForDeploymentPostprocessing = 0;
		};
/* End PBXResourcesBuildPhase section */

/* Begin PBXShellScriptBuildPhase section */
		0501588AAE5A14B2DD9EE92C /* [CP] Embed Pods Frameworks */ = {
			isa = PBXShellScriptBuildPhase;
			buildActionMask = 2147483647;
			files = (
			);
			inputPaths = (
			);
			name = "[CP] Embed Pods Frameworks";
			outputPaths = (
			);
			runOnlyForDeploymentPostprocessing = 0;
			shellPath = /bin/sh;
			shellScript = "\"${SRCROOT}/Pods/Target Support Files/Pods-GYaGUITests/Pods-GYaGUITests-frameworks.sh\"\n";
			showEnvVarsInLog = 0;
		};
		10C30397016F850900A6C51D /* [CP] Copy Pods Resources */ = {
			isa = PBXShellScriptBuildPhase;
			buildActionMask = 2147483647;
			files = (
			);
			inputPaths = (
			);
			name = "[CP] Copy Pods Resources";
			outputPaths = (
			);
			runOnlyForDeploymentPostprocessing = 0;
			shellPath = /bin/sh;
			shellScript = "\"${SRCROOT}/Pods/Target Support Files/Pods-GYaG/Pods-GYaG-resources.sh\"\n";
			showEnvVarsInLog = 0;
		};
		2D3F1A69191832FB0AE05A99 /* [CP] Check Pods Manifest.lock */ = {
			isa = PBXShellScriptBuildPhase;
			buildActionMask = 2147483647;
			files = (
			);
			inputPaths = (
				"${PODS_PODFILE_DIR_PATH}/Podfile.lock",
				"${PODS_ROOT}/Manifest.lock",
			);
			name = "[CP] Check Pods Manifest.lock";
			outputPaths = (
				"$(DERIVED_FILE_DIR)/Pods-GYaGUITests-checkManifestLockResult.txt",
			);
			runOnlyForDeploymentPostprocessing = 0;
			shellPath = /bin/sh;
			shellScript = "diff \"${PODS_PODFILE_DIR_PATH}/Podfile.lock\" \"${PODS_ROOT}/Manifest.lock\" > /dev/null\nif [ $? != 0 ] ; then\n    # print error to STDERR\n    echo \"error: The sandbox is not in sync with the Podfile.lock. Run 'pod install' or update your CocoaPods installation.\" >&2\n    exit 1\nfi\n# This output is used by Xcode 'outputs' to avoid re-running this script phase.\necho \"SUCCESS\" > \"${SCRIPT_OUTPUT_FILE_0}\"\n";
			showEnvVarsInLog = 0;
		};
		3C3D5A5A559A9048AA73A485 /* [CP] Check Pods Manifest.lock */ = {
			isa = PBXShellScriptBuildPhase;
			buildActionMask = 2147483647;
			files = (
			);
			inputPaths = (
				"${PODS_PODFILE_DIR_PATH}/Podfile.lock",
				"${PODS_ROOT}/Manifest.lock",
			);
			name = "[CP] Check Pods Manifest.lock";
			outputPaths = (
				"$(DERIVED_FILE_DIR)/Pods-GYaGTests-checkManifestLockResult.txt",
			);
			runOnlyForDeploymentPostprocessing = 0;
			shellPath = /bin/sh;
			shellScript = "diff \"${PODS_PODFILE_DIR_PATH}/Podfile.lock\" \"${PODS_ROOT}/Manifest.lock\" > /dev/null\nif [ $? != 0 ] ; then\n    # print error to STDERR\n    echo \"error: The sandbox is not in sync with the Podfile.lock. Run 'pod install' or update your CocoaPods installation.\" >&2\n    exit 1\nfi\n# This output is used by Xcode 'outputs' to avoid re-running this script phase.\necho \"SUCCESS\" > \"${SCRIPT_OUTPUT_FILE_0}\"\n";
			showEnvVarsInLog = 0;
		};
		3F2E3C554429CEF1A0F6999A /* [CP] Copy Pods Resources */ = {
			isa = PBXShellScriptBuildPhase;
			buildActionMask = 2147483647;
			files = (
			);
			inputPaths = (
			);
			name = "[CP] Copy Pods Resources";
			outputPaths = (
			);
			runOnlyForDeploymentPostprocessing = 0;
			shellPath = /bin/sh;
			shellScript = "\"${SRCROOT}/Pods/Target Support Files/Pods-GYaGTests/Pods-GYaGTests-resources.sh\"\n";
			showEnvVarsInLog = 0;
		};
		65EEBF1D7F501AA08EA12B78 /* [CP] Copy Pods Resources */ = {
			isa = PBXShellScriptBuildPhase;
			buildActionMask = 2147483647;
			files = (
			);
			inputPaths = (
			);
			name = "[CP] Copy Pods Resources";
			outputPaths = (
			);
			runOnlyForDeploymentPostprocessing = 0;
			shellPath = /bin/sh;
			shellScript = "\"${SRCROOT}/Pods/Target Support Files/Pods-GYaGUITests/Pods-GYaGUITests-resources.sh\"\n";
			showEnvVarsInLog = 0;
		};
		7D09AB81826AF7C4C3EBBC7F /* [CP] Embed Pods Frameworks */ = {
			isa = PBXShellScriptBuildPhase;
			buildActionMask = 2147483647;
			files = (
			);
			inputPaths = (
				"${SRCROOT}/Pods/Target Support Files/Pods-GYaG/Pods-GYaG-frameworks.sh",
				"${BUILT_PRODUCTS_DIR}/Bolts/Bolts.framework",
				"${BUILT_PRODUCTS_DIR}/FBSDKCoreKit/FBSDKCoreKit.framework",
				"${BUILT_PRODUCTS_DIR}/FBSDKLoginKit/FBSDKLoginKit.framework",
				"${BUILT_PRODUCTS_DIR}/FacebookCore/FacebookCore.framework",
				"${BUILT_PRODUCTS_DIR}/FacebookLogin/FacebookLogin.framework",
			);
			name = "[CP] Embed Pods Frameworks";
			outputPaths = (
				"${TARGET_BUILD_DIR}/${FRAMEWORKS_FOLDER_PATH}/Bolts.framework",
				"${TARGET_BUILD_DIR}/${FRAMEWORKS_FOLDER_PATH}/FBSDKCoreKit.framework",
				"${TARGET_BUILD_DIR}/${FRAMEWORKS_FOLDER_PATH}/FBSDKLoginKit.framework",
				"${TARGET_BUILD_DIR}/${FRAMEWORKS_FOLDER_PATH}/FacebookCore.framework",
				"${TARGET_BUILD_DIR}/${FRAMEWORKS_FOLDER_PATH}/FacebookLogin.framework",
			);
			runOnlyForDeploymentPostprocessing = 0;
			shellPath = /bin/sh;
			shellScript = "\"${SRCROOT}/Pods/Target Support Files/Pods-GYaG/Pods-GYaG-frameworks.sh\"\n";
			showEnvVarsInLog = 0;
		};
		7D43F610A219B613E804C292 /* [CP] Embed Pods Frameworks */ = {
			isa = PBXShellScriptBuildPhase;
			buildActionMask = 2147483647;
			files = (
			);
			inputPaths = (
			);
			name = "[CP] Embed Pods Frameworks";
			outputPaths = (
			);
			runOnlyForDeploymentPostprocessing = 0;
			shellPath = /bin/sh;
			shellScript = "\"${SRCROOT}/Pods/Target Support Files/Pods-GYaGTests/Pods-GYaGTests-frameworks.sh\"\n";
			showEnvVarsInLog = 0;
		};
		8AC4511DC6BFACBD005183FF /* [CP] Check Pods Manifest.lock */ = {
			isa = PBXShellScriptBuildPhase;
			buildActionMask = 2147483647;
			files = (
			);
			inputPaths = (
				"${PODS_PODFILE_DIR_PATH}/Podfile.lock",
				"${PODS_ROOT}/Manifest.lock",
			);
			name = "[CP] Check Pods Manifest.lock";
			outputPaths = (
				"$(DERIVED_FILE_DIR)/Pods-GYaG-checkManifestLockResult.txt",
			);
			runOnlyForDeploymentPostprocessing = 0;
			shellPath = /bin/sh;
			shellScript = "diff \"${PODS_PODFILE_DIR_PATH}/Podfile.lock\" \"${PODS_ROOT}/Manifest.lock\" > /dev/null\nif [ $? != 0 ] ; then\n    # print error to STDERR\n    echo \"error: The sandbox is not in sync with the Podfile.lock. Run 'pod install' or update your CocoaPods installation.\" >&2\n    exit 1\nfi\n# This output is used by Xcode 'outputs' to avoid re-running this script phase.\necho \"SUCCESS\" > \"${SCRIPT_OUTPUT_FILE_0}\"\n";
			showEnvVarsInLog = 0;
		};
/* End PBXShellScriptBuildPhase section */

/* Begin PBXSourcesBuildPhase section */
		8A4251882005B490003A69AB /* Sources */ = {
			isa = PBXSourcesBuildPhase;
			buildActionMask = 2147483647;
			files = (
				8AEAC7A02030F282003F05B2 /* FBLogInViewController.swift in Sources */,
				8AF99FB4200A9EFF002CE3B0 /* HomepageViewController.swift in Sources */,
				8AF99FB2200936BA002CE3B0 /* RegisterViewController.swift in Sources */,
				8A4251922005B490003A69AB /* ViewController.swift in Sources */,
				8A4251902005B490003A69AB /* AppDelegate.swift in Sources */,
			);
			runOnlyForDeploymentPostprocessing = 0;
		};
		8A42519C2005B490003A69AB /* Sources */ = {
			isa = PBXSourcesBuildPhase;
			buildActionMask = 2147483647;
			files = (
				8A4251A52005B490003A69AB /* GYaGTests.swift in Sources */,
			);
			runOnlyForDeploymentPostprocessing = 0;
		};
		8A4251A72005B490003A69AB /* Sources */ = {
			isa = PBXSourcesBuildPhase;
			buildActionMask = 2147483647;
			files = (
				8A4251B02005B490003A69AB /* GYaGUITests.swift in Sources */,
			);
			runOnlyForDeploymentPostprocessing = 0;
		};
/* End PBXSourcesBuildPhase section */

/* Begin PBXTargetDependency section */
		8A4251A22005B490003A69AB /* PBXTargetDependency */ = {
			isa = PBXTargetDependency;
			target = 8A42518B2005B490003A69AB /* GYaG */;
			targetProxy = 8A4251A12005B490003A69AB /* PBXContainerItemProxy */;
		};
		8A4251AD2005B490003A69AB /* PBXTargetDependency */ = {
			isa = PBXTargetDependency;
			target = 8A42518B2005B490003A69AB /* GYaG */;
			targetProxy = 8A4251AC2005B490003A69AB /* PBXContainerItemProxy */;
		};
/* End PBXTargetDependency section */

/* Begin PBXVariantGroup section */
		8A4251932005B490003A69AB /* Main.storyboard */ = {
			isa = PBXVariantGroup;
			children = (
				8A4251942005B490003A69AB /* Base */,
			);
			name = Main.storyboard;
			sourceTree = "<group>";
		};
		8A4251982005B490003A69AB /* LaunchScreen.storyboard */ = {
			isa = PBXVariantGroup;
			children = (
				8A4251992005B490003A69AB /* Base */,
			);
			name = LaunchScreen.storyboard;
			sourceTree = "<group>";
		};
/* End PBXVariantGroup section */

/* Begin XCBuildConfiguration section */
		8A4251B22005B490003A69AB /* Debug */ = {
			isa = XCBuildConfiguration;
			buildSettings = {
				ALWAYS_SEARCH_USER_PATHS = NO;
				CLANG_ANALYZER_NONNULL = YES;
				CLANG_ANALYZER_NUMBER_OBJECT_CONVERSION = YES_AGGRESSIVE;
				CLANG_CXX_LANGUAGE_STANDARD = "gnu++14";
				CLANG_CXX_LIBRARY = "libc++";
				CLANG_ENABLE_MODULES = YES;
				CLANG_ENABLE_OBJC_ARC = YES;
				CLANG_WARN_BLOCK_CAPTURE_AUTORELEASING = YES;
				CLANG_WARN_BOOL_CONVERSION = YES;
				CLANG_WARN_COMMA = YES;
				CLANG_WARN_CONSTANT_CONVERSION = YES;
				CLANG_WARN_DIRECT_OBJC_ISA_USAGE = YES_ERROR;
				CLANG_WARN_DOCUMENTATION_COMMENTS = YES;
				CLANG_WARN_EMPTY_BODY = YES;
				CLANG_WARN_ENUM_CONVERSION = YES;
				CLANG_WARN_INFINITE_RECURSION = YES;
				CLANG_WARN_INT_CONVERSION = YES;
				CLANG_WARN_NON_LITERAL_NULL_CONVERSION = YES;
				CLANG_WARN_OBJC_LITERAL_CONVERSION = YES;
				CLANG_WARN_OBJC_ROOT_CLASS = YES_ERROR;
				CLANG_WARN_RANGE_LOOP_ANALYSIS = YES;
				CLANG_WARN_STRICT_PROTOTYPES = YES;
				CLANG_WARN_SUSPICIOUS_MOVE = YES;
				CLANG_WARN_UNGUARDED_AVAILABILITY = YES_AGGRESSIVE;
				CLANG_WARN_UNREACHABLE_CODE = YES;
				CLANG_WARN__DUPLICATE_METHOD_MATCH = YES;
				CODE_SIGN_IDENTITY = "iPhone Developer";
				COPY_PHASE_STRIP = NO;
				DEBUG_INFORMATION_FORMAT = dwarf;
				ENABLE_STRICT_OBJC_MSGSEND = YES;
				ENABLE_TESTABILITY = YES;
				GCC_C_LANGUAGE_STANDARD = gnu11;
				GCC_DYNAMIC_NO_PIC = NO;
				GCC_NO_COMMON_BLOCKS = YES;
				GCC_OPTIMIZATION_LEVEL = 0;
				GCC_PREPROCESSOR_DEFINITIONS = (
					"DEBUG=1",
					"$(inherited)",
				);
				GCC_WARN_64_TO_32_BIT_CONVERSION = YES;
				GCC_WARN_ABOUT_RETURN_TYPE = YES_ERROR;
				GCC_WARN_UNDECLARED_SELECTOR = YES;
				GCC_WARN_UNINITIALIZED_AUTOS = YES_AGGRESSIVE;
				GCC_WARN_UNUSED_FUNCTION = YES;
				GCC_WARN_UNUSED_VARIABLE = YES;
				IPHONEOS_DEPLOYMENT_TARGET = 11.2;
				MTL_ENABLE_DEBUG_INFO = YES;
				ONLY_ACTIVE_ARCH = YES;
				SDKROOT = iphoneos;
				SWIFT_ACTIVE_COMPILATION_CONDITIONS = DEBUG;
				SWIFT_OPTIMIZATION_LEVEL = "-Onone";
			};
			name = Debug;
		};
		8A4251B32005B490003A69AB /* Release */ = {
			isa = XCBuildConfiguration;
			buildSettings = {
				ALWAYS_SEARCH_USER_PATHS = NO;
				CLANG_ANALYZER_NONNULL = YES;
				CLANG_ANALYZER_NUMBER_OBJECT_CONVERSION = YES_AGGRESSIVE;
				CLANG_CXX_LANGUAGE_STANDARD = "gnu++14";
				CLANG_CXX_LIBRARY = "libc++";
				CLANG_ENABLE_MODULES = YES;
				CLANG_ENABLE_OBJC_ARC = YES;
				CLANG_WARN_BLOCK_CAPTURE_AUTORELEASING = YES;
				CLANG_WARN_BOOL_CONVERSION = YES;
				CLANG_WARN_COMMA = YES;
				CLANG_WARN_CONSTANT_CONVERSION = YES;
				CLANG_WARN_DIRECT_OBJC_ISA_USAGE = YES_ERROR;
				CLANG_WARN_DOCUMENTATION_COMMENTS = YES;
				CLANG_WARN_EMPTY_BODY = YES;
				CLANG_WARN_ENUM_CONVERSION = YES;
				CLANG_WARN_INFINITE_RECURSION = YES;
				CLANG_WARN_INT_CONVERSION = YES;
				CLANG_WARN_NON_LITERAL_NULL_CONVERSION = YES;
				CLANG_WARN_OBJC_LITERAL_CONVERSION = YES;
				CLANG_WARN_OBJC_ROOT_CLASS = YES_ERROR;
				CLANG_WARN_RANGE_LOOP_ANALYSIS = YES;
				CLANG_WARN_STRICT_PROTOTYPES = YES;
				CLANG_WARN_SUSPICIOUS_MOVE = YES;
				CLANG_WARN_UNGUARDED_AVAILABILITY = YES_AGGRESSIVE;
				CLANG_WARN_UNREACHABLE_CODE = YES;
				CLANG_WARN__DUPLICATE_METHOD_MATCH = YES;
				CODE_SIGN_IDENTITY = "iPhone Developer";
				COPY_PHASE_STRIP = NO;
				DEBUG_INFORMATION_FORMAT = "dwarf-with-dsym";
				ENABLE_NS_ASSERTIONS = NO;
				ENABLE_STRICT_OBJC_MSGSEND = YES;
				GCC_C_LANGUAGE_STANDARD = gnu11;
				GCC_NO_COMMON_BLOCKS = YES;
				GCC_WARN_64_TO_32_BIT_CONVERSION = YES;
				GCC_WARN_ABOUT_RETURN_TYPE = YES_ERROR;
				GCC_WARN_UNDECLARED_SELECTOR = YES;
				GCC_WARN_UNINITIALIZED_AUTOS = YES_AGGRESSIVE;
				GCC_WARN_UNUSED_FUNCTION = YES;
				GCC_WARN_UNUSED_VARIABLE = YES;
				IPHONEOS_DEPLOYMENT_TARGET = 11.2;
				MTL_ENABLE_DEBUG_INFO = NO;
				SDKROOT = iphoneos;
				SWIFT_OPTIMIZATION_LEVEL = "-Owholemodule";
				VALIDATE_PRODUCT = YES;
			};
			name = Release;
		};
		8A4251B52005B490003A69AB /* Debug */ = {
			isa = XCBuildConfiguration;
			baseConfigurationReference = AFA5FB349E25A222255E37D8 /* Pods-GYaG.debug.xcconfig */;
			buildSettings = {
				ASSETCATALOG_COMPILER_APPICON_NAME = AppIcon;
				CODE_SIGN_STYLE = Automatic;
				DEVELOPMENT_TEAM = 5T47Y93U43;
				INFOPLIST_FILE = GYaG/Info.plist;
				LD_RUNPATH_SEARCH_PATHS = "$(inherited) @executable_path/Frameworks";
				PRODUCT_BUNDLE_IDENTIFIER = com.rxkonanz.GYaG;
				PRODUCT_NAME = "$(TARGET_NAME)";
				SWIFT_VERSION = 4.0;
				TARGETED_DEVICE_FAMILY = "1,2";
			};
			name = Debug;
		};
		8A4251B62005B490003A69AB /* Release */ = {
			isa = XCBuildConfiguration;
			baseConfigurationReference = 8F16CD73F6A57F575102593A /* Pods-GYaG.release.xcconfig */;
			buildSettings = {
				ASSETCATALOG_COMPILER_APPICON_NAME = AppIcon;
				CODE_SIGN_STYLE = Automatic;
				DEVELOPMENT_TEAM = 5T47Y93U43;
				INFOPLIST_FILE = GYaG/Info.plist;
				LD_RUNPATH_SEARCH_PATHS = "$(inherited) @executable_path/Frameworks";
				PRODUCT_BUNDLE_IDENTIFIER = com.rxkonanz.GYaG;
				PRODUCT_NAME = "$(TARGET_NAME)";
				SWIFT_VERSION = 4.0;
				TARGETED_DEVICE_FAMILY = "1,2";
			};
			name = Release;
		};
		8A4251B82005B490003A69AB /* Debug */ = {
			isa = XCBuildConfiguration;
			baseConfigurationReference = 5DA3A0C8836ACA31C7451DE2 /* Pods-GYaGTests.debug.xcconfig */;
			buildSettings = {
				ALWAYS_EMBED_SWIFT_STANDARD_LIBRARIES = YES;
				BUNDLE_LOADER = "$(TEST_HOST)";
				CODE_SIGN_STYLE = Automatic;
				DEVELOPMENT_TEAM = 5T47Y93U43;
				INFOPLIST_FILE = GYaGTests/Info.plist;
				LD_RUNPATH_SEARCH_PATHS = "$(inherited) @executable_path/Frameworks @loader_path/Frameworks";
				PRODUCT_BUNDLE_IDENTIFIER = com.rxkonanz.GYaGTests;
				PRODUCT_NAME = "$(TARGET_NAME)";
				SWIFT_VERSION = 4.0;
				TARGETED_DEVICE_FAMILY = "1,2";
				TEST_HOST = "$(BUILT_PRODUCTS_DIR)/GYaG.app/GYaG";
			};
			name = Debug;
		};
		8A4251B92005B490003A69AB /* Release */ = {
			isa = XCBuildConfiguration;
			baseConfigurationReference = 6854A33C5B087B134CE9F0B1 /* Pods-GYaGTests.release.xcconfig */;
			buildSettings = {
				ALWAYS_EMBED_SWIFT_STANDARD_LIBRARIES = YES;
				BUNDLE_LOADER = "$(TEST_HOST)";
				CODE_SIGN_STYLE = Automatic;
				DEVELOPMENT_TEAM = 5T47Y93U43;
				INFOPLIST_FILE = GYaGTests/Info.plist;
				LD_RUNPATH_SEARCH_PATHS = "$(inherited) @executable_path/Frameworks @loader_path/Frameworks";
				PRODUCT_BUNDLE_IDENTIFIER = com.rxkonanz.GYaGTests;
				PRODUCT_NAME = "$(TARGET_NAME)";
				SWIFT_VERSION = 4.0;
				TARGETED_DEVICE_FAMILY = "1,2";
				TEST_HOST = "$(BUILT_PRODUCTS_DIR)/GYaG.app/GYaG";
			};
			name = Release;
		};
		8A4251BB2005B490003A69AB /* Debug */ = {
			isa = XCBuildConfiguration;
			baseConfigurationReference = 6781C07FE0987EE6693BD063 /* Pods-GYaGUITests.debug.xcconfig */;
			buildSettings = {
				ALWAYS_EMBED_SWIFT_STANDARD_LIBRARIES = YES;
				CODE_SIGN_STYLE = Automatic;
				DEVELOPMENT_TEAM = 5T47Y93U43;
				INFOPLIST_FILE = GYaGUITests/Info.plist;
				LD_RUNPATH_SEARCH_PATHS = "$(inherited) @executable_path/Frameworks @loader_path/Frameworks";
				PRODUCT_BUNDLE_IDENTIFIER = com.rxkonanz.GYaGUITests;
				PRODUCT_NAME = "$(TARGET_NAME)";
				SWIFT_VERSION = 4.0;
				TARGETED_DEVICE_FAMILY = "1,2";
				TEST_TARGET_NAME = GYaG;
			};
			name = Debug;
		};
		8A4251BC2005B490003A69AB /* Release */ = {
			isa = XCBuildConfiguration;
			baseConfigurationReference = 8CB87525AA9D28DDD8C17A6B /* Pods-GYaGUITests.release.xcconfig */;
			buildSettings = {
				ALWAYS_EMBED_SWIFT_STANDARD_LIBRARIES = YES;
				CODE_SIGN_STYLE = Automatic;
				DEVELOPMENT_TEAM = 5T47Y93U43;
				INFOPLIST_FILE = GYaGUITests/Info.plist;
				LD_RUNPATH_SEARCH_PATHS = "$(inherited) @executable_path/Frameworks @loader_path/Frameworks";
				PRODUCT_BUNDLE_IDENTIFIER = com.rxkonanz.GYaGUITests;
				PRODUCT_NAME = "$(TARGET_NAME)";
				SWIFT_VERSION = 4.0;
				TARGETED_DEVICE_FAMILY = "1,2";
				TEST_TARGET_NAME = GYaG;
			};
			name = Release;
		};
/* End XCBuildConfiguration section */

/* Begin XCConfigurationList section */
		8A4251872005B490003A69AB /* Build configuration list for PBXProject "GYaG" */ = {
			isa = XCConfigurationList;
			buildConfigurations = (
				8A4251B22005B490003A69AB /* Debug */,
				8A4251B32005B490003A69AB /* Release */,
			);
			defaultConfigurationIsVisible = 0;
			defaultConfigurationName = Release;
		};
		8A4251B42005B490003A69AB /* Build configuration list for PBXNativeTarget "GYaG" */ = {
			isa = XCConfigurationList;
			buildConfigurations = (
				8A4251B52005B490003A69AB /* Debug */,
				8A4251B62005B490003A69AB /* Release */,
			);
			defaultConfigurationIsVisible = 0;
			defaultConfigurationName = Release;
		};
		8A4251B72005B490003A69AB /* Build configuration list for PBXNativeTarget "GYaGTests" */ = {
			isa = XCConfigurationList;
			buildConfigurations = (
				8A4251B82005B490003A69AB /* Debug */,
				8A4251B92005B490003A69AB /* Release */,
			);
			defaultConfigurationIsVisible = 0;
			defaultConfigurationName = Release;
		};
		8A4251BA2005B490003A69AB /* Build configuration list for PBXNativeTarget "GYaGUITests" */ = {
			isa = XCConfigurationList;
			buildConfigurations = (
				8A4251BB2005B490003A69AB /* Debug */,
				8A4251BC2005B490003A69AB /* Release */,
			);
			defaultConfigurationIsVisible = 0;
			defaultConfigurationName = Release;
		};
/* End XCConfigurationList section */
	};
	rootObject = 8A4251842005B490003A69AB /* Project object */;
}
